PODS:
  - YoutubePlayer-in-WKWebView (0.3.0)

DEPENDENCIES:
  - YoutubePlayer-in-WKWebView

SPEC REPOS:
  https://github.com/cocoapods/specs.git:
    - YoutubePlayer-in-WKWebView

SPEC CHECKSUMS:
  YoutubePlayer-in-WKWebView: 17a33b2fa619d357c9ddd763942ce556660facae

PODFILE CHECKSUM: 6361d189e820fb8e0f03f1d4e53da823ad4d8488

COCOAPODS: 1.6.1
